
Microsoft Visual Studio Solution File, Format Version 12.00
# Visual Studio Version 16
VisualStudioVersion = 16.0.30021.99
MinimumVisualStudioVersion = 10.0.40219.1
Project("{9A19103F-16F7-4668-BE54-9A1E7A4F7556}") = "WPFNetCore5", "WPFNetCore5\WPFNetCore5.csproj", "{34CB4A21-8D0A-4510-95CB-F24398EACA18}"
EndProject
Project("{9A19103F-16F7-4668-BE54-9A1E7A4F7556}") = "ЧисленныеМетоды", "Жордан-Гаус\ЧисленныеМетоды.csproj", "{76731813-5464-47E2-9432-882281CB5DCA}"
EndProject
Project("{9A19103F-16F7-4668-BE54-9A1E7A4F7556}") = "UnitTest", "UnitTest\UnitTest.csproj", "{B456B117-B8B4-49A8-BCFB-0423FAD7B4D1}"
EndProject
Global
	GlobalSection(SolutionConfigurationPlatforms) = preSolution
		Debug|Any CPU = Debug|Any CPU
		Debug|x64 = Debug|x64
		Release|Any CPU = Release|Any CPU
		Release|x64 = Release|x64
	EndGlobalSection
	GlobalSection(ProjectConfigurationPlatforms) = postSolution
		{34CB4A21-8D0A-4510-95CB-F24398EACA18}.Debug|Any CPU.ActiveCfg = Debug|Any CPU
		{34CB4A21-8D0A-4510-95CB-F24398EACA18}.Debug|Any CPU.Build.0 = Debug|Any CPU
		{34CB4A21-8D0A-4510-95CB-F24398EACA18}.Debug|x64.ActiveCfg = Debug|Any CPU
		{34CB4A21-8D0A-4510-95CB-F24398EACA18}.Debug|x64.Build.0 = Debug|Any CPU
		{34CB4A21-8D0A-4510-95CB-F24398EACA18}.Release|Any CPU.ActiveCfg = Release|Any CPU
		{34CB4A21-8D0A-4510-95CB-F24398EACA18}.Release|Any CPU.Build.0 = Release|Any CPU
		{34CB4A21-8D0A-4510-95CB-F24398EACA18}.Release|x64.ActiveCfg = Release|Any CPU
		{34CB4A21-8D0A-4510-95CB-F24398EACA18}.Release|x64.Build.0 = Release|Any CPU
		{76731813-5464-47E2-9432-882281CB5DCA}.Debug|Any CPU.ActiveCfg = Debug|Any CPU
		{76731813-5464-47E2-9432-882281CB5DCA}.Debug|Any CPU.Build.0 = Debug|Any CPU
		{76731813-5464-47E2-9432-882281CB5DCA}.Debug|x64.ActiveCfg = Debug|Any CPU
		{76731813-5464-47E2-9432-882281CB5DCA}.Debug|x64.Build.0 = Debug|Any CPU
		{76731813-5464-47E2-9432-882281CB5DCA}.Release|Any CPU.ActiveCfg = Release|Any CPU
		{76731813-5464-47E2-9432-882281CB5DCA}.Release|Any CPU.Build.0 = Release|Any CPU
		{76731813-5464-47E2-9432-882281CB5DCA}.Release|x64.ActiveCfg = Release|Any CPU
		{76731813-5464-47E2-9432-882281CB5DCA}.Release|x64.Build.0 = Release|Any CPU
		{B456B117-B8B4-49A8-BCFB-0423FAD7B4D1}.Debug|Any CPU.ActiveCfg = Debug|Any CPU
		{B456B117-B8B4-49A8-BCFB-0423FAD7B4D1}.Debug|Any CPU.Build.0 = Debug|Any CPU
		{B456B117-B8B4-49A8-BCFB-0423FAD7B4D1}.Debug|x64.ActiveCfg = Debug|Any CPU
		{B456B117-B8B4-49A8-BCFB-0423FAD7B4D1}.Debug|x64.Build.0 = Debug|Any CPU
		{B456B117-B8B4-49A8-BCFB-0423FAD7B4D1}.Release|Any CPU.ActiveCfg = Release|Any CPU
		{B456B117-B8B4-49A8-BCFB-0423FAD7B4D1}.Release|Any CPU.Build.0 = Release|Any CPU
		{B456B117-B8B4-49A8-BCFB-0423FAD7B4D1}.Release|x64.ActiveCfg = Release|Any CPU
		{B456B117-B8B4-49A8-BCFB-0423FAD7B4D1}.Release|x64.Build.0 = Release|Any CPU
	EndGlobalSection
	GlobalSection(SolutionProperties) = preSolution
		HideSolutionNode = FALSE
	EndGlobalSection
	GlobalSection(ExtensibilityGlobals) = postSolution
		SolutionGuid = {5F5DAE8F-43DE-469D-82A0-56D90ED7AC96}
	EndGlobalSection
EndGlobal
